// !$*UTF8*$!
{
	archiveVersion = 1;
	classes = {
	};
	objectVersion = 46;
	objects = {

/* Begin PBXBuildFile section */
		5D40036F1A95903500BB01C3 /* folder.png in Resources */ = {isa = PBXBuildFile; fileRef = 5D40036D1A95903500BB01C3 /* folder.png */; };
		5D4003701A95903500BB01C3 /* folderOpen.png in Resources */ = {isa = PBXBuildFile; fileRef = 5D40036E1A95903500BB01C3 /* folderOpen.png */; };
		5D4003731A95A12000BB01C3 /* JPLabel.m in Sources */ = {isa = PBXBuildFile; fileRef = 5D4003721A95A12000BB01C3 /* JPLabel.m */; };
		5D4003761A95A3F500BB01C3 /* NSColor+Extension.m in Sources */ = {isa = PBXBuildFile; fileRef = 5D4003751A95A3F500BB01C3 /* NSColor+Extension.m */; };
		C608543F196E03E800A05614 /* main.m in Sources */ = {isa = PBXBuildFile; fileRef = C608543E196E03E800A05614 /* main.m */; };
		C6085442196E03E800A05614 /* ViewController.m in Sources */ = {isa = PBXBuildFile; fileRef = C6085441196E03E800A05614 /* ViewController.m */; };
		C6085445196E03E800A05614 /* AppDelegate.m in Sources */ = {isa = PBXBuildFile; fileRef = C6085444196E03E800A05614 /* AppDelegate.m */; };
		C6085447196E03E800A05614 /* Images.xcassets in Resources */ = {isa = PBXBuildFile; fileRef = C6085446196E03E800A05614 /* Images.xcassets */; };
		C608544A196E03E800A05614 /* Main.storyboard in Resources */ = {isa = PBXBuildFile; fileRef = C6085448196E03E800A05614 /* Main.storyboard */; };
		C6085456196E03E800A05614 /* TreeTestTests.m in Sources */ = {isa = PBXBuildFile; fileRef = C6085455196E03E800A05614 /* TreeTestTests.m */; };
		C6085461196E06B200A05614 /* VWWContentItem.m in Sources */ = {isa = PBXBuildFile; fileRef = C6085460196E06B200A05614 /* VWWContentItem.m */; };
		C6085467196E0B8100A05614 /* FileSystemItem.m in Sources */ = {isa = PBXBuildFile; fileRef = C6085465196E0B8100A05614 /* FileSystemItem.m */; };
/* End PBXBuildFile section */

/* Begin PBXContainerItemProxy section */
		C6085450196E03E800A05614 /* PBXContainerItemProxy */ = {
			isa = PBXContainerItemProxy;
			containerPortal = C6085431196E03E800A05614 /* Project object */;
			proxyType = 1;
			remoteGlobalIDString = C6085438196E03E800A05614;
			remoteInfo = TreeTest;
		};
/* End PBXContainerItemProxy section */

/* Begin PBXFileReference section */
		5D40036D1A95903500BB01C3 /* folder.png */ = {isa = PBXFileReference; lastKnownFileType = image.png; path = folder.png; sourceTree = "<group>"; };
		5D40036E1A95903500BB01C3 /* folderOpen.png */ = {isa = PBXFileReference; lastKnownFileType = image.png; path = folderOpen.png; sourceTree = "<group>"; };
		5D4003711A95A12000BB01C3 /* JPLabel.h */ = {isa = PBXFileReference; fileEncoding = 4; lastKnownFileType = sourcecode.c.h; path = JPLabel.h; sourceTree = "<group>"; };
		5D4003721A95A12000BB01C3 /* JPLabel.m */ = {isa = PBXFileReference; fileEncoding = 4; lastKnownFileType = sourcecode.c.objc; path = JPLabel.m; sourceTree = "<group>"; };
		5D4003741A95A3F500BB01C3 /* NSColor+Extension.h */ = {isa = PBXFileReference; fileEncoding = 4; lastKnownFileType = sourcecode.c.h; path = "NSColor+Extension.h"; sourceTree = "<group>"; };
		5D4003751A95A3F500BB01C3 /* NSColor+Extension.m */ = {isa = PBXFileReference; fileEncoding = 4; lastKnownFileType = sourcecode.c.objc; path = "NSColor+Extension.m"; sourceTree = "<group>"; };
		C6085439196E03E800A05614 /* TreeTest.app */ = {isa = PBXFileReference; explicitFileType = wrapper.application; includeInIndex = 0; path = TreeTest.app; sourceTree = BUILT_PRODUCTS_DIR; };
		C608543D196E03E800A05614 /* Info.plist */ = {isa = PBXFileReference; lastKnownFileType = text.plist.xml; path = Info.plist; sourceTree = "<group>"; };
		C608543E196E03E800A05614 /* main.m */ = {isa = PBXFileReference; lastKnownFileType = sourcecode.c.objc; path = main.m; sourceTree = "<group>"; };
		C6085440196E03E800A05614 /* ViewController.h */ = {isa = PBXFileReference; lastKnownFileType = sourcecode.c.h; path = ViewController.h; sourceTree = "<group>"; };
		C6085441196E03E800A05614 /* ViewController.m */ = {isa = PBXFileReference; lastKnownFileType = sourcecode.c.objc; path = ViewController.m; sourceTree = "<group>"; };
		C6085443196E03E800A05614 /* AppDelegate.h */ = {isa = PBXFileReference; lastKnownFileType = sourcecode.c.h; path = AppDelegate.h; sourceTree = "<group>"; };
		C6085444196E03E800A05614 /* AppDelegate.m */ = {isa = PBXFileReference; lastKnownFileType = sourcecode.c.objc; path = AppDelegate.m; sourceTree = "<group>"; };
		C6085446196E03E800A05614 /* Images.xcassets */ = {isa = PBXFileReference; lastKnownFileType = folder.assetcatalog; path = Images.xcassets; sourceTree = "<group>"; };
		C6085449196E03E800A05614 /* Base */ = {isa = PBXFileReference; lastKnownFileType = file.storyboard; name = Base; path = Base.lproj/Main.storyboard; sourceTree = "<group>"; };
		C608544F196E03E800A05614 /* TreeTestTests.xctest */ = {isa = PBXFileReference; explicitFileType = wrapper.cfbundle; includeInIndex = 0; path = TreeTestTests.xctest; sourceTree = BUILT_PRODUCTS_DIR; };
		C6085454196E03E800A05614 /* Info.plist */ = {isa = PBXFileReference; lastKnownFileType = text.plist.xml; path = Info.plist; sourceTree = "<group>"; };
		C6085455196E03E800A05614 /* TreeTestTests.m */ = {isa = PBXFileReference; lastKnownFileType = sourcecode.c.objc; path = TreeTestTests.m; sourceTree = "<group>"; };
		C608545F196E06B200A05614 /* VWWContentItem.h */ = {isa = PBXFileReference; fileEncoding = 4; lastKnownFileType = sourcecode.c.h; path = VWWContentItem.h; sourceTree = "<group>"; };
		C6085460196E06B200A05614 /* VWWContentItem.m */ = {isa = PBXFileReference; fileEncoding = 4; lastKnownFileType = sourcecode.c.objc; path = VWWContentItem.m; sourceTree = "<group>"; };
		C6085464196E0B8100A05614 /* FileSystemItem.h */ = {isa = PBXFileReference; fileEncoding = 4; lastKnownFileType = sourcecode.c.h; path = FileSystemItem.h; sourceTree = "<group>"; };
		C6085465196E0B8100A05614 /* FileSystemItem.m */ = {isa = PBXFileReference; fileEncoding = 4; lastKnownFileType = sourcecode.c.objc; path = FileSystemItem.m; sourceTree = "<group>"; };
/* End PBXFileReference section */

/* Begin PBXFrameworksBuildPhase section */
		C6085436196E03E800A05614 /* Frameworks */ = {
			isa = PBXFrameworksBuildPhase;
			buildActionMask = 2147483647;
			files = (
			);
			runOnlyForDeploymentPostprocessing = 0;
		};
		C608544C196E03E800A05614 /* Frameworks */ = {
			isa = PBXFrameworksBuildPhase;
			buildActionMask = 2147483647;
			files = (
			);
			runOnlyForDeploymentPostprocessing = 0;
		};
/* End PBXFrameworksBuildPhase section */

/* Begin PBXGroup section */
		5D40036C1A95903500BB01C3 /* images */ = {
			isa = PBXGroup;
			children = (
				5D40036D1A95903500BB01C3 /* folder.png */,
				5D40036E1A95903500BB01C3 /* folderOpen.png */,
			);
			path = images;
			sourceTree = SOURCE_ROOT;
		};
		C6085430196E03E800A05614 = {
			isa = PBXGroup;
			children = (
				C608543B196E03E800A05614 /* TreeTest */,
				C6085452196E03E800A05614 /* TreeTestTests */,
				C608543A196E03E800A05614 /* Products */,
			);
			sourceTree = "<group>";
		};
		C608543A196E03E800A05614 /* Products */ = {
			isa = PBXGroup;
			children = (
				C6085439196E03E800A05614 /* TreeTest.app */,
				C608544F196E03E800A05614 /* TreeTestTests.xctest */,
			);
			name = Products;
			sourceTree = "<group>";
		};
		C608543B196E03E800A05614 /* TreeTest */ = {
			isa = PBXGroup;
			children = (
				5D40036C1A95903500BB01C3 /* images */,
				C6085464196E0B8100A05614 /* FileSystemItem.h */,
				C6085465196E0B8100A05614 /* FileSystemItem.m */,
				C608545F196E06B200A05614 /* VWWContentItem.h */,
				C6085460196E06B200A05614 /* VWWContentItem.m */,
				5D4003741A95A3F500BB01C3 /* NSColor+Extension.h */,
				5D4003751A95A3F500BB01C3 /* NSColor+Extension.m */,
				5D4003711A95A12000BB01C3 /* JPLabel.h */,
				5D4003721A95A12000BB01C3 /* JPLabel.m */,
				C6085440196E03E800A05614 /* ViewController.h */,
				C6085441196E03E800A05614 /* ViewController.m */,
				C6085443196E03E800A05614 /* AppDelegate.h */,
				C6085444196E03E800A05614 /* AppDelegate.m */,
				C6085446196E03E800A05614 /* Images.xcassets */,
				C6085448196E03E800A05614 /* Main.storyboard */,
				C608543C196E03E800A05614 /* Supporting Files */,
			);
			path = TreeTest;
			sourceTree = "<group>";
		};
		C608543C196E03E800A05614 /* Supporting Files */ = {
			isa = PBXGroup;
			children = (
				C608543D196E03E800A05614 /* Info.plist */,
				C608543E196E03E800A05614 /* main.m */,
			);
			name = "Supporting Files";
			sourceTree = "<group>";
		};
		C6085452196E03E800A05614 /* TreeTestTests */ = {
			isa = PBXGroup;
			children = (
				C6085455196E03E800A05614 /* TreeTestTests.m */,
				C6085453196E03E800A05614 /* Supporting Files */,
			);
			path = TreeTestTests;
			sourceTree = "<group>";
		};
		C6085453196E03E800A05614 /* Supporting Files */ = {
			isa = PBXGroup;
			children = (
				C6085454196E03E800A05614 /* Info.plist */,
			);
			name = "Supporting Files";
			sourceTree = "<group>";
		};
/* End PBXGroup section */

/* Begin PBXNativeTarget section */
		C6085438196E03E800A05614 /* TreeTest */ = {
			isa = PBXNativeTarget;
			buildConfigurationList = C6085459196E03E800A05614 /* Build configuration list for PBXNativeTarget "TreeTest" */;
			buildPhases = (
				C6085435196E03E800A05614 /* Sources */,
				C6085436196E03E800A05614 /* Frameworks */,
				C6085437196E03E800A05614 /* Resources */,
			);
			buildRules = (
			);
			dependencies = (
			);
			name = TreeTest;
			productName = TreeTest;
			productReference = C6085439196E03E800A05614 /* TreeTest.app */;
			productType = "com.apple.product-type.application";
		};
		C608544E196E03E800A05614 /* TreeTestTests */ = {
			isa = PBXNativeTarget;
			buildConfigurationList = C608545C196E03E800A05614 /* Build configuration list for PBXNativeTarget "TreeTestTests" */;
			buildPhases = (
				C608544B196E03E800A05614 /* Sources */,
				C608544C196E03E800A05614 /* Frameworks */,
				C608544D196E03E800A05614 /* Resources */,
			);
			buildRules = (
			);
			dependencies = (
				C6085451196E03E800A05614 /* PBXTargetDependency */,
			);
			name = TreeTestTests;
			productName = TreeTestTests;
			productReference = C608544F196E03E800A05614 /* TreeTestTests.xctest */;
			productType = "com.apple.product-type.bundle.unit-test";
		};
/* End PBXNativeTarget section */

/* Begin PBXProject section */
		C6085431196E03E800A05614 /* Project object */ = {
			isa = PBXProject;
			attributes = {
				LastUpgradeCheck = 0600;
				ORGANIZATIONNAME = "Zakk Hoyt";
				TargetAttributes = {
					C6085438196E03E800A05614 = {
						CreatedOnToolsVersion = 6.0;
					};
					C608544E196E03E800A05614 = {
						CreatedOnToolsVersion = 6.0;
						TestTargetID = C6085438196E03E800A05614;
					};
				};
			};
			buildConfigurationList = C6085434196E03E800A05614 /* Build configuration list for PBXProject "TreeTest" */;
			compatibilityVersion = "Xcode 3.2";
			developmentRegion = English;
			hasScannedForEncodings = 0;
			knownRegions = (
				en,
				Base,
			);
			mainGroup = C6085430196E03E800A05614;
			productRefGroup = C608543A196E03E800A05614 /* Products */;
			projectDirPath = "";
			projectRoot = "";
			targets = (
				C6085438196E03E800A05614 /* TreeTest */,
				C608544E196E03E800A05614 /* TreeTestTests */,
			);
		};
/* End PBXProject section */

/* Begin PBXResourcesBuildPhase section */
		C6085437196E03E800A05614 /* Resources */ = {
			isa = PBXResourcesBuildPhase;
			buildActionMask = 2147483647;
			files = (
				C6085447196E03E800A05614 /* Images.xcassets in Resources */,
				C608544A196E03E800A05614 /* Main.storyboard in Resources */,
				5D40036F1A95903500BB01C3 /* folder.png in Resources */,
				5D4003701A95903500BB01C3 /* folderOpen.png in Resources */,
			);
			runOnlyForDeploymentPostprocessing = 0;
		};
		C608544D196E03E800A05614 /* Resources */ = {
			isa = PBXResourcesBuildPhase;
			buildActionMask = 2147483647;
			files = (
			);
			runOnlyForDeploymentPostprocessing = 0;
		};
/* End PBXResourcesBuildPhase section */

/* Begin PBXSourcesBuildPhase section */
		C6085435196E03E800A05614 /* Sources */ = {
			isa = PBXSourcesBuildPhase;
			buildActionMask = 2147483647;
			files = (
				5D4003761A95A3F500BB01C3 /* NSColor+Extension.m in Sources */,
				C6085442196E03E800A05614 /* ViewController.m in Sources */,
				C6085461196E06B200A05614 /* VWWContentItem.m in Sources */,
				5D4003731A95A12000BB01C3 /* JPLabel.m in Sources */,
				C608543F196E03E800A05614 /* main.m in Sources */,
				C6085445196E03E800A05614 /* AppDelegate.m in Sources */,
				C6085467196E0B8100A05614 /* FileSystemItem.m in Sources */,
			);
			runOnlyForDeploymentPostprocessing = 0;
		};
		C608544B196E03E800A05614 /* Sources */ = {
			isa = PBXSourcesBuildPhase;
			buildActionMask = 2147483647;
			files = (
				C6085456196E03E800A05614 /* TreeTestTests.m in Sources */,
			);
			runOnlyForDeploymentPostprocessing = 0;
		};
/* End PBXSourcesBuildPhase section */

/* Begin PBXTargetDependency section */
		C6085451196E03E800A05614 /* PBXTargetDependency */ = {
			isa = PBXTargetDependency;
			target = C6085438196E03E800A05614 /* TreeTest */;
			targetProxy = C6085450196E03E800A05614 /* PBXContainerItemProxy */;
		};
/* End PBXTargetDependency section */

/* Begin PBXVariantGroup section */
		C6085448196E03E800A05614 /* Main.storyboard */ = {
			isa = PBXVariantGroup;
			children = (
				C6085449196E03E800A05614 /* Base */,
			);
			name = Main.storyboard;
			sourceTree = "<group>";
		};
/* End PBXVariantGroup section */

/* Begin XCBuildConfiguration section */
		C6085457196E03E800A05614 /* Debug */ = {
			isa = XCBuildConfiguration;
			buildSettings = {
				ALWAYS_SEARCH_USER_PATHS = NO;
				CLANG_CXX_LANGUAGE_STANDARD = "gnu++0x";
				CLANG_CXX_LIBRARY = "libc++";
				CLANG_ENABLE_MODULES = YES;
				CLANG_ENABLE_OBJC_ARC = YES;
				CLANG_WARN_BOOL_CONVERSION = YES;
				CLANG_WARN_CONSTANT_CONVERSION = YES;
				CLANG_WARN_DIRECT_OBJC_ISA_USAGE = YES_ERROR;
				CLANG_WARN_EMPTY_BODY = YES;
				CLANG_WARN_ENUM_CONVERSION = YES;
				CLANG_WARN_INT_CONVERSION = YES;
				CLANG_WARN_OBJC_ROOT_CLASS = YES_ERROR;
				CLANG_WARN_UNREACHABLE_CODE = YES;
				CLANG_WARN__DUPLICATE_METHOD_MATCH = YES;
				CODE_SIGN_IDENTITY = "-";
				COPY_PHASE_STRIP = NO;
				ENABLE_STRICT_OBJC_MSGSEND = YES;
				GCC_C_LANGUAGE_STANDARD = gnu99;
				GCC_DYNAMIC_NO_PIC = NO;
				GCC_OPTIMIZATION_LEVEL = 0;
				GCC_PREPROCESSOR_DEFINITIONS = (
					"DEBUG=1",
					"$(inherited)",
				);
				GCC_SYMBOLS_PRIVATE_EXTERN = NO;
				GCC_WARN_64_TO_32_BIT_CONVERSION = YES;
				GCC_WARN_ABOUT_RETURN_TYPE = YES_ERROR;
				GCC_WARN_UNDECLARED_SELECTOR = YES;
				GCC_WARN_UNINITIALIZED_AUTOS = YES_AGGRESSIVE;
				GCC_WARN_UNUSED_FUNCTION = YES;
				GCC_WARN_UNUSED_VARIABLE = YES;
				MACOSX_DEPLOYMENT_TARGET = 10.10;
				MTL_ENABLE_DEBUG_INFO = YES;
				ONLY_ACTIVE_ARCH = YES;
				SDKROOT = macosx;
			};
			name = Debug;
		};
		C6085458196E03E800A05614 /* Release */ = {
			isa = XCBuildConfiguration;
			buildSettings = {
				ALWAYS_SEARCH_USER_PATHS = NO;
				CLANG_CXX_LANGUAGE_STANDARD = "gnu++0x";
				CLANG_CXX_LIBRARY = "libc++";
				CLANG_ENABLE_MODULES = YES;
				CLANG_ENABLE_OBJC_ARC = YES;
				CLANG_WARN_BOOL_CONVERSION = YES;
				CLANG_WARN_CONSTANT_CONVERSION = YES;
				CLANG_WARN_DIRECT_OBJC_ISA_USAGE = YES_ERROR;
				CLANG_WARN_EMPTY_BODY = YES;
				CLANG_WARN_ENUM_CONVERSION = YES;
				CLANG_WARN_INT_CONVERSION = YES;
				CLANG_WARN_OBJC_ROOT_CLASS = YES_ERROR;
				CLANG_WARN_UNREACHABLE_CODE = YES;
				CLANG_WARN__DUPLICATE_METHOD_MATCH = YES;
				CODE_SIGN_IDENTITY = "-";
				COPY_PHASE_STRIP = YES;
				DEBUG_INFORMATION_FORMAT = "dwarf-with-dsym";
				ENABLE_NS_ASSERTIONS = NO;
				ENABLE_STRICT_OBJC_MSGSEND = YES;
				GCC_C_LANGUAGE_STANDARD = gnu99;
				GCC_WARN_64_TO_32_BIT_CONVERSION = YES;
				GCC_WARN_ABOUT_RETURN_TYPE = YES_ERROR;
				GCC_WARN_UNDECLARED_SELECTOR = YES;
				GCC_WARN_UNINITIALIZED_AUTOS = YES_AGGRESSIVE;
				GCC_WARN_UNUSED_FUNCTION = YES;
				GCC_WARN_UNUSED_VARIABLE = YES;
				MACOSX_DEPLOYMENT_TARGET = 10.10;
				MTL_ENABLE_DEBUG_INFO = NO;
				SDKROOT = macosx;
			};
			name = Release;
		};
		C608545A196E03E800A05614 /* Debug */ = {
			isa = XCBuildConfiguration;
			buildSettings = {
				ASSETCATALOG_COMPILER_APPICON_NAME = AppIcon;
				COMBINE_HIDPI_IMAGES = YES;
				INFOPLIST_FILE = TreeTest/Info.plist;
				LD_RUNPATH_SEARCH_PATHS = "$(inherited) @executable_path/../Frameworks";
				PRODUCT_NAME = "$(TARGET_NAME)";
			};
			name = Debug;
		};
		C608545B196E03E800A05614 /* Release */ = {
			isa = XCBuildConfiguration;
			buildSettings = {
				ASSETCATALOG_COMPILER_APPICON_NAME = AppIcon;
				COMBINE_HIDPI_IMAGES = YES;
				INFOPLIST_FILE = TreeTest/Info.plist;
				LD_RUNPATH_SEARCH_PATHS = "$(inherited) @executable_path/../Frameworks";
				PRODUCT_NAME = "$(TARGET_NAME)";
			};
			name = Release;
		};
		C608545D196E03E800A05614 /* Debug */ = {
			isa = XCBuildConfiguration;
			buildSettings = {
				BUNDLE_LOADER = "$(BUILT_PRODUCTS_DIR)/TreeTest.app/Contents/MacOS/TreeTest";
				COMBINE_HIDPI_IMAGES = YES;
				FRAMEWORK_SEARCH_PATHS = (
					"$(DEVELOPER_FRAMEWORKS_DIR)",
					"$(inherited)",
				);
				GCC_PREPROCESSOR_DEFINITIONS = (
					"DEBUG=1",
					"$(inherited)",
				);
				INFOPLIST_FILE = TreeTestTests/Info.plist;
				LD_RUNPATH_SEARCH_PATHS = "$(inherited) @executable_path/../Frameworks @loader_path/../Frameworks";
				PRODUCT_NAME = "$(TARGET_NAME)";
				TEST_HOST = "$(BUNDLE_LOADER)";
			};
			name = Debug;
		};
		C608545E196E03E800A05614 /* Release */ = {
			isa = XCBuildConfiguration;
			buildSettings = {
				BUNDLE_LOADER = "$(BUILT_PRODUCTS_DIR)/TreeTest.app/Contents/MacOS/TreeTest";
				COMBINE_HIDPI_IMAGES = YES;
				FRAMEWORK_SEARCH_PATHS = (
					"$(DEVELOPER_FRAMEWORKS_DIR)",
					"$(inherited)",
				);
				INFOPLIST_FILE = TreeTestTests/Info.plist;
				LD_RUNPATH_SEARCH_PATHS = "$(inherited) @executable_path/../Frameworks @loader_path/../Frameworks";
				PRODUCT_NAME = "$(TARGET_NAME)";
				TEST_HOST = "$(BUNDLE_LOADER)";
			};
			name = Release;
		};
/* End XCBuildConfiguration section */

/* Begin XCConfigurationList section */
		C6085434196E03E800A05614 /* Build configuration list for PBXProject "TreeTest" */ = {
			isa = XCConfigurationList;
			buildConfigurations = (
				C6085457196E03E800A05614 /* Debug */,
				C6085458196E03E800A05614 /* Release */,
			);
			defaultConfigurationIsVisible = 0;
			defaultConfigurationName = Release;
		};
		C6085459196E03E800A05614 /* Build configuration list for PBXNativeTarget "TreeTest" */ = {
			isa = XCConfigurationList;
			buildConfigurations = (
				C608545A196E03E800A05614 /* Debug */,
				C608545B196E03E800A05614 /* Release */,
			);
			defaultConfigurationIsVisible = 0;
			defaultConfigurationName = Release;
		};
		C608545C196E03E800A05614 /* Build configuration list for PBXNativeTarget "TreeTestTests" */ = {
			isa = XCConfigurationList;
			buildConfigurations = (
				C608545D196E03E800A05614 /* Debug */,
				C608545E196E03E800A05614 /* Release */,
			);
			defaultConfigurationIsVisible = 0;
			defaultConfigurationName = Release;
		};
/* End XCConfigurationList section */
	};
	rootObject = C6085431196E03E800A05614 /* Project object */;
}
